
Microsoft Visual Studio Solution File, Format Version 12.00
# Visual Studio 2013
VisualStudioVersion = 12.0.40629.0
MinimumVisualStudioVersion = 10.0.40219.1
Project("{2150E333-8FDC-42A3-9474-1A3956D46DE8}") = "Web", "Web", "{D955955D-7439-43AB-B268-90490999C6FD}"
EndProject
Project("{FAE04EC0-301F-11D3-BF4B-00C04F79EFBC}") = "Oncontrol.Model", "..\Model\Oncontrol.Model\Oncontrol.Model.csproj", "{4F569840-B877-404A-BD1A-B3C2D966F042}"
EndProject
Project("{2150E333-8FDC-42A3-9474-1A3956D46DE8}") = "FrameWork", "FrameWork", "{337278D5-3CF2-4725-9A94-019F41432191}"
EndProject
Project("{FAE04EC0-301F-11D3-BF4B-00C04F79EFBC}") = "Aim.Portal", "..\Framework\Aim.Portal\Aim.Portal.csproj", "{A19B8322-D5A3-42F7-A6AF-0C1B3B4DA7BD}"
EndProject
Project("{FAE04EC0-301F-11D3-BF4B-00C04F79EFBC}") = "Aim.Portal.ServicesProvider", "..\Framework\Aim.Portal.ServicesProvider\Aim.Portal.ServicesProvider.csproj", "{D253A54F-574A-4BD7-8CDB-343F35E49CFE}"
EndProject
Project("{FAE04EC0-301F-11D3-BF4B-00C04F79EFBC}") = "Aim.CacheManager", "..\Framework\Aim.CacheManager\Aim.CacheManager.csproj", "{1DC23EC3-C8E7-41EA-95FA-CC271601974F}"
EndProject
Project("{FAE04EC0-301F-11D3-BF4B-00C04F79EFBC}") = "Aim.Component", "..\Framework\Aim.Component\Aim.Component.csproj", "{4E5A1740-332D-41F9-A333-9CA6D5E989FF}"
EndProject
Project("{FAE04EC0-301F-11D3-BF4B-00C04F79EFBC}") = "Aim.Resources", "..\Framework\Aim.Resources\Aim.Resources.csproj", "{21F24D6D-E7C7-4FB4-A3FC-8A2E72FEA761}"
EndProject
Project("{FAE04EC0-301F-11D3-BF4B-00C04F79EFBC}") = "Aim.WorkFlow", "..\Framework\Aim.WorkFlow\Aim.WorkFlow.csproj", "{B4C9D507-E7A0-4322-B70E-53D78DFE8EE8}"
EndProject
Project("{FAE04EC0-301F-11D3-BF4B-00C04F79EFBC}") = "Oncontrol3.Web", "..\Web\Oncontrol3.Web\Oncontrol3.Web.csproj", "{5AE90F56-EB7E-4404-965E-B89F5698E9CF}"
EndProject
Project("{FAE04EC0-301F-11D3-BF4B-00C04F79EFBC}") = "Aim.Portal.Services", "..\Web\Aim.Portal.Services\Aim.Portal.Services.csproj", "{516E8FC3-EF4F-4BD6-88EE-E6A429587C8A}"
EndProject
Project("{FAE04EC0-301F-11D3-BF4B-00C04F79EFBC}") = "Plat.Model", "..\Model\Plat.Model\Plat.Model.csproj", "{3A77F97A-8DC8-4DB5-8724-016EADEF0355}"
EndProject
Project("{2150E333-8FDC-42A3-9474-1A3956D46DE8}") = "Model", "Model", "{4D144B5C-2E1C-40BA-95C9-0199D4909CD6}"
EndProject
Project("{FAE04EC0-301F-11D3-BF4B-00C04F79EFBC}") = "Com.Feiliks.QDM", "..\Model\Com.Feiliks.QDM\Com.Feiliks.QDM.csproj", "{80DF9B2E-9B34-46D0-945B-7D26E4AE169F}"
EndProject
Project("{FAE04EC0-301F-11D3-BF4B-00C04F79EFBC}") = "Com.Feiliks.MDM", "..\Model\Com.Feiliks.MDM\Com.Feiliks.MDM.csproj", "{973DE4F5-54D9-4D09-B502-B9D3C45E5D80}"
EndProject
Global
	GlobalSection(SolutionConfigurationPlatforms) = preSolution
		Debug|Any CPU = Debug|Any CPU
		Debug|x86 = Debug|x86
		Release|Any CPU = Release|Any CPU
		Release|x86 = Release|x86
	EndGlobalSection
	GlobalSection(ProjectConfigurationPlatforms) = postSolution
		{4F569840-B877-404A-BD1A-B3C2D966F042}.Debug|Any CPU.ActiveCfg = Debug|Any CPU
		{4F569840-B877-404A-BD1A-B3C2D966F042}.Debug|Any CPU.Build.0 = Debug|Any CPU
		{4F569840-B877-404A-BD1A-B3C2D966F042}.Debug|x86.ActiveCfg = Debug|x86
		{4F569840-B877-404A-BD1A-B3C2D966F042}.Debug|x86.Build.0 = Debug|x86
		{4F569840-B877-404A-BD1A-B3C2D966F042}.Release|Any CPU.ActiveCfg = Release|Any CPU
		{4F569840-B877-404A-BD1A-B3C2D966F042}.Release|Any CPU.Build.0 = Release|Any CPU
		{4F569840-B877-404A-BD1A-B3C2D966F042}.Release|x86.ActiveCfg = Release|x86
		{4F569840-B877-404A-BD1A-B3C2D966F042}.Release|x86.Build.0 = Release|x86
		{A19B8322-D5A3-42F7-A6AF-0C1B3B4DA7BD}.Debug|Any CPU.ActiveCfg = Debug|Any CPU
		{A19B8322-D5A3-42F7-A6AF-0C1B3B4DA7BD}.Debug|Any CPU.Build.0 = Debug|Any CPU
		{A19B8322-D5A3-42F7-A6AF-0C1B3B4DA7BD}.Debug|x86.ActiveCfg = Debug|Any CPU
		{A19B8322-D5A3-42F7-A6AF-0C1B3B4DA7BD}.Release|Any CPU.ActiveCfg = Release|Any CPU
		{A19B8322-D5A3-42F7-A6AF-0C1B3B4DA7BD}.Release|Any CPU.Build.0 = Release|Any CPU
		{A19B8322-D5A3-42F7-A6AF-0C1B3B4DA7BD}.Release|x86.ActiveCfg = Release|Any CPU
		{D253A54F-574A-4BD7-8CDB-343F35E49CFE}.Debug|Any CPU.ActiveCfg = Debug|Any CPU
		{D253A54F-574A-4BD7-8CDB-343F35E49CFE}.Debug|Any CPU.Build.0 = Debug|Any CPU
		{D253A54F-574A-4BD7-8CDB-343F35E49CFE}.Debug|x86.ActiveCfg = Debug|Any CPU
		{D253A54F-574A-4BD7-8CDB-343F35E49CFE}.Release|Any CPU.ActiveCfg = Release|Any CPU
		{D253A54F-574A-4BD7-8CDB-343F35E49CFE}.Release|Any CPU.Build.0 = Release|Any CPU
		{D253A54F-574A-4BD7-8CDB-343F35E49CFE}.Release|x86.ActiveCfg = Release|Any CPU
		{1DC23EC3-C8E7-41EA-95FA-CC271601974F}.Debug|Any CPU.ActiveCfg = Debug|Any CPU
		{1DC23EC3-C8E7-41EA-95FA-CC271601974F}.Debug|Any CPU.Build.0 = Debug|Any CPU
		{1DC23EC3-C8E7-41EA-95FA-CC271601974F}.Debug|x86.ActiveCfg = Debug|Any CPU
		{1DC23EC3-C8E7-41EA-95FA-CC271601974F}.Release|Any CPU.ActiveCfg = Release|Any CPU
		{1DC23EC3-C8E7-41EA-95FA-CC271601974F}.Release|Any CPU.Build.0 = Release|Any CPU
		{1DC23EC3-C8E7-41EA-95FA-CC271601974F}.Release|x86.ActiveCfg = Release|Any CPU
		{4E5A1740-332D-41F9-A333-9CA6D5E989FF}.Debug|Any CPU.ActiveCfg = Debug|Any CPU
		{4E5A1740-332D-41F9-A333-9CA6D5E989FF}.Debug|Any CPU.Build.0 = Debug|Any CPU
		{4E5A1740-332D-41F9-A333-9CA6D5E989FF}.Debug|x86.ActiveCfg = Debug|Any CPU
		{4E5A1740-332D-41F9-A333-9CA6D5E989FF}.Release|Any CPU.ActiveCfg = Release|Any CPU
		{4E5A1740-332D-41F9-A333-9CA6D5E989FF}.Release|Any CPU.Build.0 = Release|Any CPU
		{4E5A1740-332D-41F9-A333-9CA6D5E989FF}.Release|x86.ActiveCfg = Release|Any CPU
		{21F24D6D-E7C7-4FB4-A3FC-8A2E72FEA761}.Debug|Any CPU.ActiveCfg = Debug|Any CPU
		{21F24D6D-E7C7-4FB4-A3FC-8A2E72FEA761}.Debug|Any CPU.Build.0 = Debug|Any CPU
		{21F24D6D-E7C7-4FB4-A3FC-8A2E72FEA761}.Debug|x86.ActiveCfg = Debug|Any CPU
		{21F24D6D-E7C7-4FB4-A3FC-8A2E72FEA761}.Release|Any CPU.ActiveCfg = Release|Any CPU
		{21F24D6D-E7C7-4FB4-A3FC-8A2E72FEA761}.Release|Any CPU.Build.0 = Release|Any CPU
		{21F24D6D-E7C7-4FB4-A3FC-8A2E72FEA761}.Release|x86.ActiveCfg = Release|Any CPU
		{B4C9D507-E7A0-4322-B70E-53D78DFE8EE8}.Debug|Any CPU.ActiveCfg = Debug|Any CPU
		{B4C9D507-E7A0-4322-B70E-53D78DFE8EE8}.Debug|Any CPU.Build.0 = Debug|Any CPU
		{B4C9D507-E7A0-4322-B70E-53D78DFE8EE8}.Debug|x86.ActiveCfg = Debug|Any CPU
		{B4C9D507-E7A0-4322-B70E-53D78DFE8EE8}.Release|Any CPU.ActiveCfg = Release|Any CPU
		{B4C9D507-E7A0-4322-B70E-53D78DFE8EE8}.Release|Any CPU.Build.0 = Release|Any CPU
		{B4C9D507-E7A0-4322-B70E-53D78DFE8EE8}.Release|x86.ActiveCfg = Release|Any CPU
		{5AE90F56-EB7E-4404-965E-B89F5698E9CF}.Debug|Any CPU.ActiveCfg = Debug|Any CPU
		{5AE90F56-EB7E-4404-965E-B89F5698E9CF}.Debug|Any CPU.Build.0 = Debug|Any CPU
		{5AE90F56-EB7E-4404-965E-B89F5698E9CF}.Debug|x86.ActiveCfg = Debug|Any CPU
		{5AE90F56-EB7E-4404-965E-B89F5698E9CF}.Release|Any CPU.ActiveCfg = Release|Any CPU
		{5AE90F56-EB7E-4404-965E-B89F5698E9CF}.Release|Any CPU.Build.0 = Release|Any CPU
		{5AE90F56-EB7E-4404-965E-B89F5698E9CF}.Release|x86.ActiveCfg = Release|Any CPU
		{516E8FC3-EF4F-4BD6-88EE-E6A429587C8A}.Debug|Any CPU.ActiveCfg = Debug|Any CPU
		{516E8FC3-EF4F-4BD6-88EE-E6A429587C8A}.Debug|Any CPU.Build.0 = Debug|Any CPU
		{516E8FC3-EF4F-4BD6-88EE-E6A429587C8A}.Debug|x86.ActiveCfg = Debug|Any CPU
		{516E8FC3-EF4F-4BD6-88EE-E6A429587C8A}.Release|Any CPU.ActiveCfg = Release|Any CPU
		{516E8FC3-EF4F-4BD6-88EE-E6A429587C8A}.Release|Any CPU.Build.0 = Release|Any CPU
		{516E8FC3-EF4F-4BD6-88EE-E6A429587C8A}.Release|x86.ActiveCfg = Release|Any CPU
		{3A77F97A-8DC8-4DB5-8724-016EADEF0355}.Debug|Any CPU.ActiveCfg = Debug|Any CPU
		{3A77F97A-8DC8-4DB5-8724-016EADEF0355}.Debug|Any CPU.Build.0 = Debug|Any CPU
		{3A77F97A-8DC8-4DB5-8724-016EADEF0355}.Debug|x86.ActiveCfg = Debug|x86
		{3A77F97A-8DC8-4DB5-8724-016EADEF0355}.Debug|x86.Build.0 = Debug|x86
		{3A77F97A-8DC8-4DB5-8724-016EADEF0355}.Release|Any CPU.ActiveCfg = Release|Any CPU
		{3A77F97A-8DC8-4DB5-8724-016EADEF0355}.Release|Any CPU.Build.0 = Release|Any CPU
		{3A77F97A-8DC8-4DB5-8724-016EADEF0355}.Release|x86.ActiveCfg = Release|x86
		{3A77F97A-8DC8-4DB5-8724-016EADEF0355}.Release|x86.Build.0 = Release|x86
		{80DF9B2E-9B34-46D0-945B-7D26E4AE169F}.Debug|Any CPU.ActiveCfg = Debug|Any CPU
		{80DF9B2E-9B34-46D0-945B-7D26E4AE169F}.Debug|Any CPU.Build.0 = Debug|Any CPU
		{80DF9B2E-9B34-46D0-945B-7D26E4AE169F}.Debug|x86.ActiveCfg = Debug|Any CPU
		{80DF9B2E-9B34-46D0-945B-7D26E4AE169F}.Release|Any CPU.ActiveCfg = Release|Any CPU
		{80DF9B2E-9B34-46D0-945B-7D26E4AE169F}.Release|Any CPU.Build.0 = Release|Any CPU
		{80DF9B2E-9B34-46D0-945B-7D26E4AE169F}.Release|x86.ActiveCfg = Release|Any CPU
		{973DE4F5-54D9-4D09-B502-B9D3C45E5D80}.Debug|Any CPU.ActiveCfg = Debug|Any CPU
		{973DE4F5-54D9-4D09-B502-B9D3C45E5D80}.Debug|Any CPU.Build.0 = Debug|Any CPU
		{973DE4F5-54D9-4D09-B502-B9D3C45E5D80}.Debug|x86.ActiveCfg = Debug|Any CPU
		{973DE4F5-54D9-4D09-B502-B9D3C45E5D80}.Release|Any CPU.ActiveCfg = Release|Any CPU
		{973DE4F5-54D9-4D09-B502-B9D3C45E5D80}.Release|Any CPU.Build.0 = Release|Any CPU
		{973DE4F5-54D9-4D09-B502-B9D3C45E5D80}.Release|x86.ActiveCfg = Release|Any CPU
	EndGlobalSection
	GlobalSection(SolutionProperties) = preSolution
		HideSolutionNode = FALSE
	EndGlobalSection
	GlobalSection(NestedProjects) = preSolution
		{4F569840-B877-404A-BD1A-B3C2D966F042} = {4D144B5C-2E1C-40BA-95C9-0199D4909CD6}
		{A19B8322-D5A3-42F7-A6AF-0C1B3B4DA7BD} = {337278D5-3CF2-4725-9A94-019F41432191}
		{D253A54F-574A-4BD7-8CDB-343F35E49CFE} = {337278D5-3CF2-4725-9A94-019F41432191}
		{1DC23EC3-C8E7-41EA-95FA-CC271601974F} = {337278D5-3CF2-4725-9A94-019F41432191}
		{4E5A1740-332D-41F9-A333-9CA6D5E989FF} = {337278D5-3CF2-4725-9A94-019F41432191}
		{21F24D6D-E7C7-4FB4-A3FC-8A2E72FEA761} = {337278D5-3CF2-4725-9A94-019F41432191}
		{B4C9D507-E7A0-4322-B70E-53D78DFE8EE8} = {337278D5-3CF2-4725-9A94-019F41432191}
		{5AE90F56-EB7E-4404-965E-B89F5698E9CF} = {D955955D-7439-43AB-B268-90490999C6FD}
		{516E8FC3-EF4F-4BD6-88EE-E6A429587C8A} = {D955955D-7439-43AB-B268-90490999C6FD}
		{3A77F97A-8DC8-4DB5-8724-016EADEF0355} = {4D144B5C-2E1C-40BA-95C9-0199D4909CD6}
		{80DF9B2E-9B34-46D0-945B-7D26E4AE169F} = {4D144B5C-2E1C-40BA-95C9-0199D4909CD6}
		{973DE4F5-54D9-4D09-B502-B9D3C45E5D80} = {4D144B5C-2E1C-40BA-95C9-0199D4909CD6}
	EndGlobalSection
EndGlobal
